{
  "name": "2023-12-19-pdfsearch-upload",
  "lockfileVersion": 3,
  "requires": true,
  "packages": {
    "": {
      "dependencies": {
        "react-pdf-js": "^5.1.0"
      }
    },
    "node_modules/@bundled-es-modules/pdfjs-dist": {
      "version": "2.1.266-rc",
      "resolved": "https://registry.npmjs.org/@bundled-es-modules/pdfjs-dist/-/pdfjs-dist-2.1.266-rc.tgz",
      "integrity": "sha512-idli/i9GA7hUW8uRIs2Y48m5QHKRv3PaVxlM1VEoOuzWoF2qLdtOepOpIy3BTblakDNt2f/gINPN7X/v9DBKoQ=="
    },
    "node_modules/js-tokens": {
      "version": "4.0.0",
      "resolved": "https://registry.npmjs.org/js-tokens/-/js-tokens-4.0.0.tgz",
      "integrity": "sha512-RdJUflcE3cUzKiMqQgsCu06FPu9UdIJO0beYbPhHN4k6apgJtifcoCtT9bcxOpYBtpD2kCM6Sbzg4CausW/PKQ==",
      "peer": true
    },
    "node_modules/loose-envify": {
      "version": "1.4.0",
      "resolved": "https://registry.npmjs.org/loose-envify/-/loose-envify-1.4.0.tgz",
      "integrity": "sha512-lyuxPGr/Wfhrlem2CL/UcnUc1zcqKAImBDzukY7Y5F/yQiNdko6+fRLevlw1HgMySw7f611UIY408EtxRSoK3Q==",
      "peer": true,
      "dependencies": {
        "js-tokens": "^3.0.0 || ^4.0.0"
      },
      "bin": {
        "loose-envify": "cli.js"
      }
    },
    "node_modules/react": {
      "version": "18.2.0",
      "resolved": "https://registry.npmjs.org/react/-/react-18.2.0.tgz",
      "integrity": "sha512-/3IjMdb2L9QbBdWiW5e3P2/npwMBaU9mHCSCUzNln0ZCYbcfTsGbTJrU/kGemdH2IWmB2ioZ+zkxtmq6g09fGQ==",
      "peer": true,
      "dependencies": {
        "loose-envify": "^1.1.0"
      },
      "engines": {
        "node": ">=0.10.0"
      }
    },
    "node_modules/react-pdf-js": {
      "version": "5.1.0",
      "resolved": "https://registry.npmjs.org/react-pdf-js/-/react-pdf-js-5.1.0.tgz",
      "integrity": "sha512-l/norbM4BocUJcD0o46b5U4XWTZI1FN1+wfhosPKGy0cJ3T7Ck7GGfr3KXsH5ljc8lyifZPMAm6Rvsbe8OzBbQ==",
      "deprecated": "Please move to our namespaced package at @mikecousins/react-pdf",
      "dependencies": {
        "@bundled-es-modules/pdfjs-dist": "2.1.266-rc"
      },
      "peerDependencies": {
        "react": ">=16"
      }
    }
  }
}
